
Microsoft Visual Studio Solution File, Format Version 12.00
# Visual Studio Version 17
VisualStudioVersion = 17.0.31423.177
MinimumVisualStudioVersion = 10.0.40219.1
Project("{2150E333-8FDC-42A3-9474-1A3956D46DE8}") = "src", "src", "{181F70FE-806A-49B3-B1F3-ED3B2F9B5EB8}"
EndProject
Project("{2150E333-8FDC-42A3-9474-1A3956D46DE8}") = "tests", "tests", "{187C5612-A091-441B-B3C1-847DE342BFF8}"
EndProject
Project("{2150E333-8FDC-42A3-9474-1A3956D46DE8}") = "docs", "docs", "{DD169688-6CE2-4D7B-AC29-9B538D6B3A64}"
	ProjectSection(SolutionItems) = preProject
		docs\README.md = docs\README.md
		docs\roadmap.md = docs\roadmap.md
	EndProjectSection
EndProject
Project("{2150E333-8FDC-42A3-9474-1A3956D46DE8}") = "build", "build", "{6A2D0BB2-15F0-40C3-B41A-BC2C6618493A}"
EndProject
Project("{2150E333-8FDC-42A3-9474-1A3956D46DE8}") = "Solution Items", "Solution Items", "{783337CA-8763-4D47-B893-28E1C5C7AFF5}"
	ProjectSection(SolutionItems) = preProject
		Directory.Build.props = Directory.Build.props
		LICENSE.md = LICENSE.md
		Mbmd.ruleset = Mbmd.ruleset
		README.md = README.md
		stylecop.json = stylecop.json
	EndProjectSection
EndProject
Project("{2150E333-8FDC-42A3-9474-1A3956D46DE8}") = "Domain", "Domain", "{14AA7C62-030F-4FB6-B649-DB1252202453}"
EndProject
Project("{2150E333-8FDC-42A3-9474-1A3956D46DE8}") = "tools", "tools", "{3BE0BA9A-64CE-43EC-9A83-A6E09D4296E9}"
EndProject
Project("{2150E333-8FDC-42A3-9474-1A3956D46DE8}") = "Infrastructure", "Infrastructure", "{C065DF70-8EB0-4078-B391-D32517BEA2EB}"
EndProject
Project("{2150E333-8FDC-42A3-9474-1A3956D46DE8}") = "Common", "Common", "{1719D952-0B93-4CF8-A2A9-44EE9C82229D}"
EndProject
Project("{2150E333-8FDC-42A3-9474-1A3956D46DE8}") = "Persistence", "Persistence", "{4FF74DEC-1CDF-4F91-9D6D-8DEA500AA6A3}"
EndProject
Project("{2150E333-8FDC-42A3-9474-1A3956D46DE8}") = "Presentation", "Presentation", "{D773FAC6-CF58-4A94-8A65-9A82E07A3BC1}"
EndProject
Project("{2150E333-8FDC-42A3-9474-1A3956D46DE8}") = "Application", "Application", "{F804D82C-5CF6-4AFE-BF79-1ED39FAB6371}"
EndProject
Project("{9A19103F-16F7-4668-BE54-9A1E7A4F7556}") = "Mbmd.Entities", "src\Mbmd.Entities\Mbmd.Entities.csproj", "{B9EAA61C-EEA9-438E-9DEE-5B819A072DC6}"
EndProject
Project("{2150E333-8FDC-42A3-9474-1A3956D46DE8}") = ".github", ".github", "{D713281F-9653-428D-9160-2A2BE0FC0574}"
EndProject
Project("{2150E333-8FDC-42A3-9474-1A3956D46DE8}") = "workflows", "workflows", "{1ABF7148-5819-4A30-A3C6-DBB197564EC6}"
	ProjectSection(SolutionItems) = preProject
		.github\workflows\quick-ci.yml = .github\workflows\quick-ci.yml
	EndProjectSection
EndProject
Global
	GlobalSection(SolutionConfigurationPlatforms) = preSolution
		Debug|Any CPU = Debug|Any CPU
		Release|Any CPU = Release|Any CPU
	EndGlobalSection
	GlobalSection(ProjectConfigurationPlatforms) = postSolution
		{B9EAA61C-EEA9-438E-9DEE-5B819A072DC6}.Debug|Any CPU.ActiveCfg = Debug|Any CPU
		{B9EAA61C-EEA9-438E-9DEE-5B819A072DC6}.Debug|Any CPU.Build.0 = Debug|Any CPU
		{B9EAA61C-EEA9-438E-9DEE-5B819A072DC6}.Release|Any CPU.ActiveCfg = Release|Any CPU
		{B9EAA61C-EEA9-438E-9DEE-5B819A072DC6}.Release|Any CPU.Build.0 = Release|Any CPU
	EndGlobalSection
	GlobalSection(SolutionProperties) = preSolution
		HideSolutionNode = FALSE
	EndGlobalSection
	GlobalSection(NestedProjects) = preSolution
		{14AA7C62-030F-4FB6-B649-DB1252202453} = {181F70FE-806A-49B3-B1F3-ED3B2F9B5EB8}
		{C065DF70-8EB0-4078-B391-D32517BEA2EB} = {181F70FE-806A-49B3-B1F3-ED3B2F9B5EB8}
		{1719D952-0B93-4CF8-A2A9-44EE9C82229D} = {181F70FE-806A-49B3-B1F3-ED3B2F9B5EB8}
		{4FF74DEC-1CDF-4F91-9D6D-8DEA500AA6A3} = {181F70FE-806A-49B3-B1F3-ED3B2F9B5EB8}
		{D773FAC6-CF58-4A94-8A65-9A82E07A3BC1} = {181F70FE-806A-49B3-B1F3-ED3B2F9B5EB8}
		{F804D82C-5CF6-4AFE-BF79-1ED39FAB6371} = {181F70FE-806A-49B3-B1F3-ED3B2F9B5EB8}
		{B9EAA61C-EEA9-438E-9DEE-5B819A072DC6} = {14AA7C62-030F-4FB6-B649-DB1252202453}
		{D713281F-9653-428D-9160-2A2BE0FC0574} = {6A2D0BB2-15F0-40C3-B41A-BC2C6618493A}
		{1ABF7148-5819-4A30-A3C6-DBB197564EC6} = {D713281F-9653-428D-9160-2A2BE0FC0574}
	EndGlobalSection
	GlobalSection(ExtensibilityGlobals) = postSolution
		SolutionGuid = {0127671C-0D5B-4AC3-91DB-1D9CA08A69D6}
	EndGlobalSection
EndGlobal
